
Microsoft Visual Studio Solution File, Format Version 12.00
# Visual Studio Version 16
VisualStudioVersion = 16.0.32929.386
MinimumVisualStudioVersion = 10.0.40219.1
Project("{C9674DCB-5085-4A16-B785-4C70DD1589BD}") = "project1_ssis", "project1_ssis\project1_ssis.dtproj", "{BAE64435-14D1-4289-96AF-4F75E89E3CC3}"
EndProject
Global
	GlobalSection(SolutionConfigurationPlatforms) = preSolution
		Development|Default = Development|Default
	EndGlobalSection
	GlobalSection(ProjectConfigurationPlatforms) = postSolution
		{BAE64435-14D1-4289-96AF-4F75E89E3CC3}.Development|Default.ActiveCfg = Development
		{BAE64435-14D1-4289-96AF-4F75E89E3CC3}.Development|Default.Build.0 = Development
	EndGlobalSection
	GlobalSection(SolutionProperties) = preSolution
		HideSolutionNode = FALSE
	EndGlobalSection
	GlobalSection(ExtensibilityGlobals) = postSolution
		SolutionGuid = {6447702E-2CA9-47E2-90ED-E8E23E404F39}
	EndGlobalSection
EndGlobal
